
Microsoft Visual Studio Solution File, Format Version 12.00
# Visual Studio Version 17
VisualStudioVersion = 17.10.35122.118
MinimumVisualStudioVersion = 10.0.40219.1
Project("{FAE04EC0-301F-11D3-BF4B-00C04F79EFBC}") = "LoadCloud", "LoadCloud.csproj", "{36A0141C-5432-4960-B0AB-02FCDC1D2970}"
EndProject
Global
	GlobalSection(SolutionConfigurationPlatforms) = preSolution
		Debug|Any CPU = Debug|Any CPU
		Release|Any CPU = Release|Any CPU
	EndGlobalSection
	GlobalSection(ProjectConfigurationPlatforms) = postSolution
		{36A0141C-5432-4960-B0AB-02FCDC1D2970}.Debug|Any CPU.ActiveCfg = Debug|Any CPU
		{36A0141C-5432-4960-B0AB-02FCDC1D2970}.Debug|Any CPU.Build.0 = Debug|Any CPU
		{36A0141C-5432-4960-B0AB-02FCDC1D2970}.Release|Any CPU.ActiveCfg = Release|Any CPU
		{36A0141C-5432-4960-B0AB-02FCDC1D2970}.Release|Any CPU.Build.0 = Release|Any CPU
	EndGlobalSection
	GlobalSection(SolutionProperties) = preSolution
		HideSolutionNode = FALSE
	EndGlobalSection
	GlobalSection(ExtensibilityGlobals) = postSolution
		SolutionGuid = {E1CF00A1-B5B9-4D35-B584-68CA5B761BB9}
	EndGlobalSection
EndGlobal
