
Microsoft Visual Studio Solution File, Format Version 12.00
# Visual Studio Version 16
VisualStudioVersion = 16.0.31005.135
MinimumVisualStudioVersion = 10.0.40219.1
Project("{FAE04EC0-301F-11D3-BF4B-00C04F79EFBC}") = "AddStampToMenu", "AddStampToMenu.csproj", "{B84E9830-BD39-4EDE-9FF0-BC4A70C8B189}"
EndProject
Global
	GlobalSection(SolutionConfigurationPlatforms) = preSolution
		Debug|Any CPU = Debug|Any CPU
		Release|Any CPU = Release|Any CPU
		Release-Xml|Any CPU = Release-Xml|Any CPU
	EndGlobalSection
	GlobalSection(ProjectConfigurationPlatforms) = postSolution
		{B84E9830-BD39-4EDE-9FF0-BC4A70C8B189}.Debug|Any CPU.ActiveCfg = Debug|Any CPU
		{B84E9830-BD39-4EDE-9FF0-BC4A70C8B189}.Debug|Any CPU.Build.0 = Debug|Any CPU
		{B84E9830-BD39-4EDE-9FF0-BC4A70C8B189}.Release|Any CPU.ActiveCfg = Release|Any CPU
		{B84E9830-BD39-4EDE-9FF0-BC4A70C8B189}.Release|Any CPU.Build.0 = Release|Any CPU
		{B84E9830-BD39-4EDE-9FF0-BC4A70C8B189}.Release-Xml|Any CPU.ActiveCfg = Release|Any CPU
		{B84E9830-BD39-4EDE-9FF0-BC4A70C8B189}.Release-Xml|Any CPU.Build.0 = Release|Any CPU
	EndGlobalSection
	GlobalSection(SolutionProperties) = preSolution
		HideSolutionNode = FALSE
	EndGlobalSection
	GlobalSection(ExtensibilityGlobals) = postSolution
		SolutionGuid = {4150CC1F-EE43-466C-888E-37B8B580AFB4}
	EndGlobalSection
EndGlobal
