
Microsoft Visual Studio Solution File, Format Version 12.00
# Visual Studio Version 16
VisualStudioVersion = 16.0.32602.291
MinimumVisualStudioVersion = 10.0.40219.1
Project("{FAE04EC0-301F-11D3-BF4B-00C04F79EFBC}") = "DisableSpellcheckTextbox", "DisableSpellcheckTextbox\DisableSpellcheckTextbox.csproj", "{52ECEFF1-60F8-4B81-B7BF-553EA6994BDA}"
EndProject
Global
	GlobalSection(SolutionConfigurationPlatforms) = preSolution
		Debug|Any CPU = Debug|Any CPU
		Release|Any CPU = Release|Any CPU
	EndGlobalSection
	GlobalSection(ProjectConfigurationPlatforms) = postSolution
		{52ECEFF1-60F8-4B81-B7BF-553EA6994BDA}.Debug|Any CPU.ActiveCfg = Debug|Any CPU
		{52ECEFF1-60F8-4B81-B7BF-553EA6994BDA}.Debug|Any CPU.Build.0 = Debug|Any CPU
		{52ECEFF1-60F8-4B81-B7BF-553EA6994BDA}.Release|Any CPU.ActiveCfg = Release|Any CPU
		{52ECEFF1-60F8-4B81-B7BF-553EA6994BDA}.Release|Any CPU.Build.0 = Release|Any CPU
	EndGlobalSection
	GlobalSection(SolutionProperties) = preSolution
		HideSolutionNode = FALSE
	EndGlobalSection
	GlobalSection(ExtensibilityGlobals) = postSolution
		SolutionGuid = {062FC3AF-5B22-4B71-ABD1-09D1D2610E92}
	EndGlobalSection
EndGlobal
