
Microsoft Visual Studio Solution File, Format Version 12.00
# Visual Studio Version 17
VisualStudioVersion = 17.8.226.21692
MinimumVisualStudioVersion = 10.0.40219.1
Project("{9A19103F-16F7-4668-BE54-9A1E7A4F7556}") = "CustomToolbar_NET", "CustomToolbar_NET.csproj", "{A9693914-16B8-4605-BAF9-69C6FFE4ABB0}"
EndProject
Global
	GlobalSection(SolutionConfigurationPlatforms) = preSolution
		Debug|Any CPU = Debug|Any CPU
		Release|Any CPU = Release|Any CPU
	EndGlobalSection
	GlobalSection(ProjectConfigurationPlatforms) = postSolution
		{A9693914-16B8-4605-BAF9-69C6FFE4ABB0}.Debug|Any CPU.ActiveCfg = Debug|Any CPU
		{A9693914-16B8-4605-BAF9-69C6FFE4ABB0}.Debug|Any CPU.Build.0 = Debug|Any CPU
		{A9693914-16B8-4605-BAF9-69C6FFE4ABB0}.Release|Any CPU.ActiveCfg = Release|Any CPU
		{A9693914-16B8-4605-BAF9-69C6FFE4ABB0}.Release|Any CPU.Build.0 = Release|Any CPU
	EndGlobalSection
	GlobalSection(SolutionProperties) = preSolution
		HideSolutionNode = FALSE
	EndGlobalSection
	GlobalSection(ExtensibilityGlobals) = postSolution
		SolutionGuid = {CBF28B5B-1546-4921-BF24-226CA1F9ED89}
	EndGlobalSection
EndGlobal
