
Microsoft Visual Studio Solution File, Format Version 12.00
# Visual Studio Version 16
VisualStudioVersion = 16.0.30804.86
MinimumVisualStudioVersion = 10.0.40219.1
Project("{FAE04EC0-301F-11D3-BF4B-00C04F79EFBC}") = "CustomToolbar", "CustomToolbar\CustomToolbar.csproj", "{6AC69A74-7539-4C2C-BDFD-F436674A7FBD}"
EndProject
Global
	GlobalSection(SolutionConfigurationPlatforms) = preSolution
		Debug|Any CPU = Debug|Any CPU
		Release|Any CPU = Release|Any CPU
		Release-Xml|Any CPU = Release-Xml|Any CPU
	EndGlobalSection
	GlobalSection(ProjectConfigurationPlatforms) = postSolution
		{6AC69A74-7539-4C2C-BDFD-F436674A7FBD}.Debug|Any CPU.ActiveCfg = Debug|Any CPU
		{6AC69A74-7539-4C2C-BDFD-F436674A7FBD}.Debug|Any CPU.Build.0 = Debug|Any CPU
		{6AC69A74-7539-4C2C-BDFD-F436674A7FBD}.Release|Any CPU.ActiveCfg = Release|Any CPU
		{6AC69A74-7539-4C2C-BDFD-F436674A7FBD}.Release|Any CPU.Build.0 = Release|Any CPU
		{6AC69A74-7539-4C2C-BDFD-F436674A7FBD}.Release-Xml|Any CPU.ActiveCfg = Release|Any CPU
		{6AC69A74-7539-4C2C-BDFD-F436674A7FBD}.Release-Xml|Any CPU.Build.0 = Release|Any CPU
	EndGlobalSection
	GlobalSection(SolutionProperties) = preSolution
		HideSolutionNode = FALSE
	EndGlobalSection
	GlobalSection(ExtensibilityGlobals) = postSolution
		SolutionGuid = {7DED6731-AC5D-4C1B-8058-DCD4D383B3E3}
	EndGlobalSection
EndGlobal
