
Microsoft Visual Studio Solution File, Format Version 12.00
# Visual Studio Version 16
VisualStudioVersion = 16.0.32602.291
MinimumVisualStudioVersion = 10.0.40219.1
Project("{FAE04EC0-301F-11D3-BF4B-00C04F79EFBC}") = "HideAnnotationsInExportedPages", "HideAnnotationsInExportedPages\HideAnnotationsInExportedPages.csproj", "{B1793D1C-839E-4D49-9CE3-45DC6E0197EA}"
EndProject
Global
	GlobalSection(SolutionConfigurationPlatforms) = preSolution
		Debug|Any CPU = Debug|Any CPU
		Release|Any CPU = Release|Any CPU
	EndGlobalSection
	GlobalSection(ProjectConfigurationPlatforms) = postSolution
		{B1793D1C-839E-4D49-9CE3-45DC6E0197EA}.Debug|Any CPU.ActiveCfg = Debug|Any CPU
		{B1793D1C-839E-4D49-9CE3-45DC6E0197EA}.Debug|Any CPU.Build.0 = Debug|Any CPU
		{B1793D1C-839E-4D49-9CE3-45DC6E0197EA}.Release|Any CPU.ActiveCfg = Release|Any CPU
		{B1793D1C-839E-4D49-9CE3-45DC6E0197EA}.Release|Any CPU.Build.0 = Release|Any CPU
	EndGlobalSection
	GlobalSection(SolutionProperties) = preSolution
		HideSolutionNode = FALSE
	EndGlobalSection
	GlobalSection(ExtensibilityGlobals) = postSolution
		SolutionGuid = {F9B1AEDA-400E-4507-82AA-71E636330C1B}
	EndGlobalSection
EndGlobal
