
Microsoft Visual Studio Solution File, Format Version 12.00
# Visual Studio Version 17
VisualStudioVersion = 17.14.36119.2 d17.14
MinimumVisualStudioVersion = 10.0.40219.1
Project("{FAE04EC0-301F-11D3-BF4B-00C04F79EFBC}") = "Export&ImportFormFields", "Export&ImportFormFields.csproj", "{C365A46E-5AF8-436E-A969-FBB028690E16}"
EndProject
Global
	GlobalSection(SolutionConfigurationPlatforms) = preSolution
		Debug|Any CPU = Debug|Any CPU
		Release|Any CPU = Release|Any CPU
	EndGlobalSection
	GlobalSection(ProjectConfigurationPlatforms) = postSolution
		{C365A46E-5AF8-436E-A969-FBB028690E16}.Debug|Any CPU.ActiveCfg = Debug|Any CPU
		{C365A46E-5AF8-436E-A969-FBB028690E16}.Debug|Any CPU.Build.0 = Debug|Any CPU
		{C365A46E-5AF8-436E-A969-FBB028690E16}.Release|Any CPU.ActiveCfg = Release|Any CPU
		{C365A46E-5AF8-436E-A969-FBB028690E16}.Release|Any CPU.Build.0 = Release|Any CPU
	EndGlobalSection
	GlobalSection(SolutionProperties) = preSolution
		HideSolutionNode = FALSE
	EndGlobalSection
	GlobalSection(ExtensibilityGlobals) = postSolution
		SolutionGuid = {8C21E232-1D66-45CB-B197-6D07AB54913D}
	EndGlobalSection
EndGlobal
