
Microsoft Visual Studio Solution File, Format Version 12.00
# Visual Studio Version 17
VisualStudioVersion = 17.12.35707.178 d17.12
MinimumVisualStudioVersion = 10.0.40219.1
Project("{FAE04EC0-301F-11D3-BF4B-00C04F79EFBC}") = "CustomPasswordDialog_NET", "CustomPasswordDialog_NET.csproj", "{34EA9804-D9B3-463E-A25A-886A99DD457B}"
EndProject
Global
	GlobalSection(SolutionConfigurationPlatforms) = preSolution
		Debug|Any CPU = Debug|Any CPU
		Release|Any CPU = Release|Any CPU
	EndGlobalSection
	GlobalSection(ProjectConfigurationPlatforms) = postSolution
		{34EA9804-D9B3-463E-A25A-886A99DD457B}.Debug|Any CPU.ActiveCfg = Debug|Any CPU
		{34EA9804-D9B3-463E-A25A-886A99DD457B}.Debug|Any CPU.Build.0 = Debug|Any CPU
		{34EA9804-D9B3-463E-A25A-886A99DD457B}.Release|Any CPU.ActiveCfg = Release|Any CPU
		{34EA9804-D9B3-463E-A25A-886A99DD457B}.Release|Any CPU.Build.0 = Release|Any CPU
	EndGlobalSection
	GlobalSection(SolutionProperties) = preSolution
		HideSolutionNode = FALSE
	EndGlobalSection
EndGlobal
