
Microsoft Visual Studio Solution File, Format Version 12.00
# Visual Studio 2012
Project("{FAE04EC0-301F-11D3-BF4B-00C04F79EFBC}") = "Syncfusion.Themes.FluentLight.WPF_2012", "Syncfusion.Themes.FluentLight.WPF_2012.csproj", "{b8da47f3-dfea-4fce-b0ce-a503878d837f}"
EndProject
Global
	GlobalSection(SolutionConfigurationPlatforms) = preSolution
		Debug|Any CPU = Debug|Any CPU
		Debug-Xml|Any CPU = Debug-Xml|Any CPU
		Release|Any CPU = Release|Any CPU
		Release-Xml|Any CPU = Release-Xml|Any CPU
	EndGlobalSection
	GlobalSection(ProjectConfigurationPlatforms) = postSolution
		{b8da47f3-dfea-4fce-b0ce-a503878d837f}.Debug|Any CPU.ActiveCfg = Debug|Any CPU
		{b8da47f3-dfea-4fce-b0ce-a503878d837f}.Debug|Any CPU.Build.0 = Debug|Any CPU
		{b8da47f3-dfea-4fce-b0ce-a503878d837f}.Debug-Xml|Any CPU.ActiveCfg = Debug-Xml|Any CPU
		{b8da47f3-dfea-4fce-b0ce-a503878d837f}.Debug-Xml|Any CPU.Build.0 = Debug-Xml|Any CPU
		{b8da47f3-dfea-4fce-b0ce-a503878d837f}.Release|Any CPU.ActiveCfg = Release|Any CPU
		{b8da47f3-dfea-4fce-b0ce-a503878d837f}.Release|Any CPU.Build.0 = Release|Any CPU
		{b8da47f3-dfea-4fce-b0ce-a503878d837f}.Release-Xml|Any CPU.ActiveCfg = Release-Xml|Any CPU
		{b8da47f3-dfea-4fce-b0ce-a503878d837f}.Release-Xml|Any CPU.Build.0 = Release-Xml|Any CPU
	EndGlobalSection
	GlobalSection(SolutionProperties) = preSolution
		HideSolutionNode = FALSE
	EndGlobalSection
EndGlobal
