
Microsoft Visual Studio Solution File, Format Version 12.00
# Visual Studio 15
VisualStudioVersion = 15.0.28010.2048
MinimumVisualStudioVersion = 10.0.40219.1
Project("{9A19103F-16F7-4668-BE54-9A1E7A4F7556}") = "Syncfusion.Themes.FluentLight.WPF_NETCore", "Syncfusion.Themes.FluentLight.WPF_NETCore.csproj", "{f70b3fdb-8d40-439b-8930-69cd679e1e7c}"
EndProject
Global
	GlobalSection(SolutionConfigurationPlatforms) = preSolution
		Debug|Any CPU = Debug|Any CPU
		Debug-Xml|Any CPU = Debug-Xml|Any CPU
		Release|Any CPU = Release|Any CPU
		Release-Xml|Any CPU = Release-Xml|Any CPU
	EndGlobalSection
	GlobalSection(ProjectConfigurationPlatforms) = postSolution
		{f70b3fdb-8d40-439b-8930-69cd679e1e7c}.Debug|Any CPU.ActiveCfg = Debug|Any CPU
		{f70b3fdb-8d40-439b-8930-69cd679e1e7c}.Debug|Any CPU.Build.0 = Debug|Any CPU
		{f70b3fdb-8d40-439b-8930-69cd679e1e7c}.Debug-Xml|Any CPU.ActiveCfg = Debug-Xml|Any CPU
		{f70b3fdb-8d40-439b-8930-69cd679e1e7c}.Debug-Xml|Any CPU.Build.0 = Debug-Xml|Any CPU
		{f70b3fdb-8d40-439b-8930-69cd679e1e7c}.Release|Any CPU.ActiveCfg = Release|Any CPU
		{f70b3fdb-8d40-439b-8930-69cd679e1e7c}.Release|Any CPU.Build.0 = Release|Any CPU
		{f70b3fdb-8d40-439b-8930-69cd679e1e7c}.Release-Xml|Any CPU.ActiveCfg = Release-Xml|Any CPU
		{f70b3fdb-8d40-439b-8930-69cd679e1e7c}.Release-Xml|Any CPU.Build.0 = Release-Xml|Any CPU
	EndGlobalSection
	GlobalSection(SolutionProperties) = preSolution
		HideSolutionNode = FALSE
	EndGlobalSection
	GlobalSection(ExtensibilityGlobals) = postSolution
		SolutionGuid = {DC045374-4F94-49F9-8C54-209E092B2C51}
	EndGlobalSection
EndGlobal
