
Microsoft Visual Studio Solution File, Format Version 12.00
# Visual Studio Version 17
VisualStudioVersion = 17.14.37216.2 d17.14
MinimumVisualStudioVersion = 10.0.40219.1
Project("{FAE04EC0-301F-11D3-BF4B-00C04F79EFBC}") = "Formfields_Readonly", "Formfields_Readonly\Formfields_Readonly.csproj", "{9909EFE3-E8EF-4E57-BCDD-9AC5DA9F0B54}"
EndProject
Global
	GlobalSection(SolutionConfigurationPlatforms) = preSolution
		Debug|Any CPU = Debug|Any CPU
		Release|Any CPU = Release|Any CPU
	EndGlobalSection
	GlobalSection(ProjectConfigurationPlatforms) = postSolution
		{9909EFE3-E8EF-4E57-BCDD-9AC5DA9F0B54}.Debug|Any CPU.ActiveCfg = Debug|Any CPU
		{9909EFE3-E8EF-4E57-BCDD-9AC5DA9F0B54}.Debug|Any CPU.Build.0 = Debug|Any CPU
		{9909EFE3-E8EF-4E57-BCDD-9AC5DA9F0B54}.Release|Any CPU.ActiveCfg = Release|Any CPU
		{9909EFE3-E8EF-4E57-BCDD-9AC5DA9F0B54}.Release|Any CPU.Build.0 = Release|Any CPU
	EndGlobalSection
	GlobalSection(SolutionProperties) = preSolution
		HideSolutionNode = FALSE
	EndGlobalSection
	GlobalSection(ExtensibilityGlobals) = postSolution
		SolutionGuid = {B2C5FFB4-25EC-486B-8CDB-EA071D870954}
	EndGlobalSection
EndGlobal
