
Microsoft Visual Studio Solution File, Format Version 12.00
# Visual Studio Version 16
VisualStudioVersion = 16.0.30626.31
MinimumVisualStudioVersion = 10.0.40219.1
Project("{FAE04EC0-301F-11D3-BF4B-00C04F79EFBC}") = "HideToolbar", "HideToolbar\HideToolbar.csproj", "{D733CB37-D12E-4A35-B13A-98A776474355}"
EndProject
Global
	GlobalSection(SolutionConfigurationPlatforms) = preSolution
		Debug|Any CPU = Debug|Any CPU
		Release|Any CPU = Release|Any CPU
		Release-Xml|Any CPU = Release-Xml|Any CPU
	EndGlobalSection
	GlobalSection(ProjectConfigurationPlatforms) = postSolution
		{D733CB37-D12E-4A35-B13A-98A776474355}.Debug|Any CPU.ActiveCfg = Debug|Any CPU
		{D733CB37-D12E-4A35-B13A-98A776474355}.Debug|Any CPU.Build.0 = Debug|Any CPU
		{D733CB37-D12E-4A35-B13A-98A776474355}.Release|Any CPU.ActiveCfg = Release|Any CPU
		{D733CB37-D12E-4A35-B13A-98A776474355}.Release|Any CPU.Build.0 = Release|Any CPU
		{D733CB37-D12E-4A35-B13A-98A776474355}.Release-Xml|Any CPU.ActiveCfg = Release|Any CPU
		{D733CB37-D12E-4A35-B13A-98A776474355}.Release-Xml|Any CPU.Build.0 = Release|Any CPU
	EndGlobalSection
	GlobalSection(SolutionProperties) = preSolution
		HideSolutionNode = FALSE
	EndGlobalSection
	GlobalSection(ExtensibilityGlobals) = postSolution
		SolutionGuid = {59AC2705-2B42-4E9F-B8BF-0C8B6A6980E5}
	EndGlobalSection
EndGlobal
