
Microsoft Visual Studio Solution File, Format Version 12.00
# Visual Studio Version 17
VisualStudioVersion = 17.9.34622.214
MinimumVisualStudioVersion = 10.0.40219.1
Project("{FAE04EC0-301F-11D3-BF4B-00C04F79EFBC}") = "AddBookmark", "AddBookmark.csproj", "{B5980F0D-6399-454D-95D4-7AF82B5C6687}"
EndProject
Global
	GlobalSection(SolutionConfigurationPlatforms) = preSolution
		Debug|Any CPU = Debug|Any CPU
		Release|Any CPU = Release|Any CPU
	EndGlobalSection
	GlobalSection(ProjectConfigurationPlatforms) = postSolution
		{B5980F0D-6399-454D-95D4-7AF82B5C6687}.Debug|Any CPU.ActiveCfg = Debug|Any CPU
		{B5980F0D-6399-454D-95D4-7AF82B5C6687}.Debug|Any CPU.Build.0 = Debug|Any CPU
		{B5980F0D-6399-454D-95D4-7AF82B5C6687}.Release|Any CPU.ActiveCfg = Release|Any CPU
		{B5980F0D-6399-454D-95D4-7AF82B5C6687}.Release|Any CPU.Build.0 = Release|Any CPU
	EndGlobalSection
	GlobalSection(SolutionProperties) = preSolution
		HideSolutionNode = FALSE
	EndGlobalSection
	GlobalSection(ExtensibilityGlobals) = postSolution
		SolutionGuid = {D7BBEC9D-C376-4670-A9B5-27E4BA1FA991}
	EndGlobalSection
EndGlobal
