
Microsoft Visual Studio Solution File, Format Version 12.00
# Visual Studio Version 17
VisualStudioVersion = 17.8.34309.116
MinimumVisualStudioVersion = 10.0.40219.1
Project("{FAE04EC0-301F-11D3-BF4B-00C04F79EFBC}") = "Copy_Text_Sample", "Copy_Text_Sample.csproj", "{3453EDF0-6863-497C-B344-6C6AE351FE7D}"
EndProject
Global
	GlobalSection(SolutionConfigurationPlatforms) = preSolution
		Debug|Any CPU = Debug|Any CPU
		Release|Any CPU = Release|Any CPU
	EndGlobalSection
	GlobalSection(ProjectConfigurationPlatforms) = postSolution
		{3453EDF0-6863-497C-B344-6C6AE351FE7D}.Debug|Any CPU.ActiveCfg = Debug|Any CPU
		{3453EDF0-6863-497C-B344-6C6AE351FE7D}.Debug|Any CPU.Build.0 = Debug|Any CPU
		{3453EDF0-6863-497C-B344-6C6AE351FE7D}.Release|Any CPU.ActiveCfg = Release|Any CPU
		{3453EDF0-6863-497C-B344-6C6AE351FE7D}.Release|Any CPU.Build.0 = Release|Any CPU
	EndGlobalSection
	GlobalSection(SolutionProperties) = preSolution
		HideSolutionNode = FALSE
	EndGlobalSection
	GlobalSection(ExtensibilityGlobals) = postSolution
		SolutionGuid = {93558FD6-BD13-434F-9678-50F61B4C743C}
	EndGlobalSection
EndGlobal
