
Microsoft Visual Studio Solution File, Format Version 12.00
# Visual Studio Version 17
VisualStudioVersion = 17.0.31919.166
MinimumVisualStudioVersion = 10.0.40219.1
Project("{FAE04EC0-301F-11D3-BF4B-00C04F79EFBC}") = "HideComments", "HideComments.csproj", "{F8F2AD5A-EC34-4EF5-9789-344A4C67522C}"
EndProject
Global
	GlobalSection(SolutionConfigurationPlatforms) = preSolution
		Debug|Any CPU = Debug|Any CPU
		Release|Any CPU = Release|Any CPU
	EndGlobalSection
	GlobalSection(ProjectConfigurationPlatforms) = postSolution
		{F8F2AD5A-EC34-4EF5-9789-344A4C67522C}.Debug|Any CPU.ActiveCfg = Debug|Any CPU
		{F8F2AD5A-EC34-4EF5-9789-344A4C67522C}.Debug|Any CPU.Build.0 = Debug|Any CPU
		{F8F2AD5A-EC34-4EF5-9789-344A4C67522C}.Release|Any CPU.ActiveCfg = Release|Any CPU
		{F8F2AD5A-EC34-4EF5-9789-344A4C67522C}.Release|Any CPU.Build.0 = Release|Any CPU
	EndGlobalSection
	GlobalSection(SolutionProperties) = preSolution
		HideSolutionNode = FALSE
	EndGlobalSection
	GlobalSection(ExtensibilityGlobals) = postSolution
		SolutionGuid = {787470B7-A260-4BE8-AFD7-2088296D914A}
	EndGlobalSection
EndGlobal
