
Microsoft Visual Studio Solution File, Format Version 12.00
# Visual Studio Version 17
VisualStudioVersion = 17.9.34622.214
MinimumVisualStudioVersion = 10.0.40219.1
Project("{FAE04EC0-301F-11D3-BF4B-00C04F79EFBC}") = "IdentifySignatureFormField", "IdentifySignatureFormField.csproj", "{2E89EC9E-B1AF-4E68-9365-1FA15D2D9102}"
EndProject
Global
	GlobalSection(SolutionConfigurationPlatforms) = preSolution
		Debug|Any CPU = Debug|Any CPU
		Release|Any CPU = Release|Any CPU
	EndGlobalSection
	GlobalSection(ProjectConfigurationPlatforms) = postSolution
		{2E89EC9E-B1AF-4E68-9365-1FA15D2D9102}.Debug|Any CPU.ActiveCfg = Debug|Any CPU
		{2E89EC9E-B1AF-4E68-9365-1FA15D2D9102}.Debug|Any CPU.Build.0 = Debug|Any CPU
		{2E89EC9E-B1AF-4E68-9365-1FA15D2D9102}.Release|Any CPU.ActiveCfg = Release|Any CPU
		{2E89EC9E-B1AF-4E68-9365-1FA15D2D9102}.Release|Any CPU.Build.0 = Release|Any CPU
	EndGlobalSection
	GlobalSection(SolutionProperties) = preSolution
		HideSolutionNode = FALSE
	EndGlobalSection
	GlobalSection(ExtensibilityGlobals) = postSolution
		SolutionGuid = {F7B6813F-0269-405B-AA4B-B5C0DEF1A65E}
	EndGlobalSection
EndGlobal
