
Microsoft Visual Studio Solution File, Format Version 12.00
# Visual Studio Version 17
VisualStudioVersion = 17.4.33213.308
MinimumVisualStudioVersion = 10.0.40219.1
Project("{FAE04EC0-301F-11D3-BF4B-00C04F79EFBC}") = "PDF_to_Image_Blazor", "PDF_to_Image_Blazor\PDF_to_Image_Blazor.csproj", "{094C56DB-38BA-4E59-BDE4-9A7346F30DF6}"
EndProject
Global
	GlobalSection(SolutionConfigurationPlatforms) = preSolution
		Debug|Any CPU = Debug|Any CPU
		Release|Any CPU = Release|Any CPU
	EndGlobalSection
	GlobalSection(ProjectConfigurationPlatforms) = postSolution
		{094C56DB-38BA-4E59-BDE4-9A7346F30DF6}.Debug|Any CPU.ActiveCfg = Debug|Any CPU
		{094C56DB-38BA-4E59-BDE4-9A7346F30DF6}.Debug|Any CPU.Build.0 = Debug|Any CPU
		{094C56DB-38BA-4E59-BDE4-9A7346F30DF6}.Release|Any CPU.ActiveCfg = Release|Any CPU
		{094C56DB-38BA-4E59-BDE4-9A7346F30DF6}.Release|Any CPU.Build.0 = Release|Any CPU
	EndGlobalSection
	GlobalSection(SolutionProperties) = preSolution
		HideSolutionNode = FALSE
	EndGlobalSection
	GlobalSection(ExtensibilityGlobals) = postSolution
		SolutionGuid = {3D702DEA-7D80-4501-8BE2-21B1EB8AB20A}
	EndGlobalSection
EndGlobal
