
Microsoft Visual Studio Solution File, Format Version 12.00
# Visual Studio Version 17
VisualStudioVersion = 17.14.36119.2 d17.14
MinimumVisualStudioVersion = 10.0.40219.1
Project("{FAE04EC0-301F-11D3-BF4B-00C04F79EFBC}") = "FormFillingSample_NET", "FormFillingSample_NET.csproj", "{FCA21A2D-FA7B-45F5-A9D3-1253494280EF}"
EndProject
Global
	GlobalSection(SolutionConfigurationPlatforms) = preSolution
		Debug|Any CPU = Debug|Any CPU
		Release|Any CPU = Release|Any CPU
	EndGlobalSection
	GlobalSection(ProjectConfigurationPlatforms) = postSolution
		{FCA21A2D-FA7B-45F5-A9D3-1253494280EF}.Debug|Any CPU.ActiveCfg = Debug|Any CPU
		{FCA21A2D-FA7B-45F5-A9D3-1253494280EF}.Debug|Any CPU.Build.0 = Debug|Any CPU
		{FCA21A2D-FA7B-45F5-A9D3-1253494280EF}.Release|Any CPU.ActiveCfg = Release|Any CPU
		{FCA21A2D-FA7B-45F5-A9D3-1253494280EF}.Release|Any CPU.Build.0 = Release|Any CPU
	EndGlobalSection
	GlobalSection(SolutionProperties) = preSolution
		HideSolutionNode = FALSE
	EndGlobalSection
	GlobalSection(ExtensibilityGlobals) = postSolution
		SolutionGuid = {63E88937-E742-4C85-A3FA-9F75B3556250}
	EndGlobalSection
EndGlobal
