
Microsoft Visual Studio Solution File, Format Version 12.00
# Visual Studio Version 16
VisualStudioVersion = 16.0.29519.181
MinimumVisualStudioVersion = 10.0.40219.1
Project("{FAE04EC0-301F-11D3-BF4B-00C04F79EFBC}") = "PdfViewer", "PdfViewer\PdfViewer.csproj", "{35470163-31CA-4675-B848-FD4FB6CF0E85}"
EndProject
Global
	GlobalSection(SolutionConfigurationPlatforms) = preSolution
		Debug|Any CPU = Debug|Any CPU
		Debug-XML|Any CPU = Debug-XML|Any CPU
		Release|Any CPU = Release|Any CPU
		Release-Xml|Any CPU = Release-Xml|Any CPU
	EndGlobalSection
	GlobalSection(ProjectConfigurationPlatforms) = postSolution
		{35470163-31CA-4675-B848-FD4FB6CF0E85}.Debug|Any CPU.ActiveCfg = Debug|Any CPU
		{35470163-31CA-4675-B848-FD4FB6CF0E85}.Debug|Any CPU.Build.0 = Debug|Any CPU
		{35470163-31CA-4675-B848-FD4FB6CF0E85}.Debug-XML|Any CPU.ActiveCfg = Debug|Any CPU
		{35470163-31CA-4675-B848-FD4FB6CF0E85}.Debug-XML|Any CPU.Build.0 = Debug|Any CPU
		{35470163-31CA-4675-B848-FD4FB6CF0E85}.Release|Any CPU.ActiveCfg = Release|Any CPU
		{35470163-31CA-4675-B848-FD4FB6CF0E85}.Release|Any CPU.Build.0 = Release|Any CPU
		{35470163-31CA-4675-B848-FD4FB6CF0E85}.Release-Xml|Any CPU.ActiveCfg = Release|Any CPU
		{35470163-31CA-4675-B848-FD4FB6CF0E85}.Release-Xml|Any CPU.Build.0 = Release|Any CPU
	EndGlobalSection
	GlobalSection(SolutionProperties) = preSolution
		HideSolutionNode = FALSE
	EndGlobalSection
	GlobalSection(ExtensibilityGlobals) = postSolution
		SolutionGuid = {ADA3ACF6-94CC-4760-A7D8-741D5B91BB66}
	EndGlobalSection
EndGlobal
