
Microsoft Visual Studio Solution File, Format Version 12.00
# Visual Studio Version 16
VisualStudioVersion = 16.0.31911.196
MinimumVisualStudioVersion = 10.0.40219.1
Project("{FAE04EC0-301F-11D3-BF4B-00C04F79EFBC}") = "Mouse-KeyboardPageZoom", "Mouse-KeyboardPageZoom.csproj", "{7B38516A-4FFF-4A96-8180-60D045C0E825}"
EndProject
Global
	GlobalSection(SolutionConfigurationPlatforms) = preSolution
		Debug|Any CPU = Debug|Any CPU
		Release|Any CPU = Release|Any CPU
	EndGlobalSection
	GlobalSection(ProjectConfigurationPlatforms) = postSolution
		{7B38516A-4FFF-4A96-8180-60D045C0E825}.Debug|Any CPU.ActiveCfg = Debug|Any CPU
		{7B38516A-4FFF-4A96-8180-60D045C0E825}.Debug|Any CPU.Build.0 = Debug|Any CPU
		{7B38516A-4FFF-4A96-8180-60D045C0E825}.Release|Any CPU.ActiveCfg = Release|Any CPU
		{7B38516A-4FFF-4A96-8180-60D045C0E825}.Release|Any CPU.Build.0 = Release|Any CPU
	EndGlobalSection
	GlobalSection(SolutionProperties) = preSolution
		HideSolutionNode = FALSE
	EndGlobalSection
	GlobalSection(ExtensibilityGlobals) = postSolution
		SolutionGuid = {919CADE6-6671-4E50-B337-770CD37A8432}
	EndGlobalSection
EndGlobal
