
Microsoft Visual Studio Solution File, Format Version 12.00
# Visual Studio Version 17
VisualStudioVersion = 17.9.34714.143
MinimumVisualStudioVersion = 10.0.40219.1
Project("{FAE04EC0-301F-11D3-BF4B-00C04F79EFBC}") = "LoadFundamentalSyntaxErrorDocument_NET", "LoadFundamentalSyntaxErrorDocument_NET.csproj", "{01098182-5970-4423-956C-B8A225E6AED1}"
EndProject
Global
	GlobalSection(SolutionConfigurationPlatforms) = preSolution
		Debug|Any CPU = Debug|Any CPU
		Release|Any CPU = Release|Any CPU
	EndGlobalSection
	GlobalSection(ProjectConfigurationPlatforms) = postSolution
		{01098182-5970-4423-956C-B8A225E6AED1}.Debug|Any CPU.ActiveCfg = Debug|Any CPU
		{01098182-5970-4423-956C-B8A225E6AED1}.Debug|Any CPU.Build.0 = Debug|Any CPU
		{01098182-5970-4423-956C-B8A225E6AED1}.Release|Any CPU.ActiveCfg = Release|Any CPU
		{01098182-5970-4423-956C-B8A225E6AED1}.Release|Any CPU.Build.0 = Release|Any CPU
	EndGlobalSection
	GlobalSection(SolutionProperties) = preSolution
		HideSolutionNode = FALSE
	EndGlobalSection
	GlobalSection(ExtensibilityGlobals) = postSolution
		SolutionGuid = {145B8BAE-E3FC-49CE-9F44-0F4FC4A27B35}
	EndGlobalSection
EndGlobal
