
Microsoft Visual Studio Solution File, Format Version 12.00
# Visual Studio Version 17
VisualStudioVersion = 17.10.35122.118
MinimumVisualStudioVersion = 10.0.40219.1
Project("{FAE04EC0-301F-11D3-BF4B-00C04F79EFBC}") = "PDFPage-to-Image", "PDFPage-to-Image\PDFPage-to-Image.csproj", "{6016BC9A-43D0-4255-8302-84BC6EB16A29}"
EndProject
Global
	GlobalSection(SolutionConfigurationPlatforms) = preSolution
		Debug|Any CPU = Debug|Any CPU
		Release|Any CPU = Release|Any CPU
	EndGlobalSection
	GlobalSection(ProjectConfigurationPlatforms) = postSolution
		{6016BC9A-43D0-4255-8302-84BC6EB16A29}.Debug|Any CPU.ActiveCfg = Debug|Any CPU
		{6016BC9A-43D0-4255-8302-84BC6EB16A29}.Debug|Any CPU.Build.0 = Debug|Any CPU
		{6016BC9A-43D0-4255-8302-84BC6EB16A29}.Release|Any CPU.ActiveCfg = Release|Any CPU
		{6016BC9A-43D0-4255-8302-84BC6EB16A29}.Release|Any CPU.Build.0 = Release|Any CPU
	EndGlobalSection
	GlobalSection(SolutionProperties) = preSolution
		HideSolutionNode = FALSE
	EndGlobalSection
	GlobalSection(ExtensibilityGlobals) = postSolution
		SolutionGuid = {67049C12-8F85-4D77-BA02-F802BA909F47}
	EndGlobalSection
EndGlobal
