
Microsoft Visual Studio Solution File, Format Version 12.00
# Visual Studio Version 17
VisualStudioVersion = 17.14.36119.2 d17.14
MinimumVisualStudioVersion = 10.0.40219.1
Project("{FAE04EC0-301F-11D3-BF4B-00C04F79EFBC}") = "HandwrittenSignature", "HandwrittenSignature.csproj", "{5C498BBA-9D8F-485B-871C-2ADF912F92A9}"
EndProject
Global
	GlobalSection(SolutionConfigurationPlatforms) = preSolution
		Debug|Any CPU = Debug|Any CPU
		Release|Any CPU = Release|Any CPU
	EndGlobalSection
	GlobalSection(ProjectConfigurationPlatforms) = postSolution
		{5C498BBA-9D8F-485B-871C-2ADF912F92A9}.Debug|Any CPU.ActiveCfg = Debug|Any CPU
		{5C498BBA-9D8F-485B-871C-2ADF912F92A9}.Debug|Any CPU.Build.0 = Debug|Any CPU
		{5C498BBA-9D8F-485B-871C-2ADF912F92A9}.Release|Any CPU.ActiveCfg = Release|Any CPU
		{5C498BBA-9D8F-485B-871C-2ADF912F92A9}.Release|Any CPU.Build.0 = Release|Any CPU
	EndGlobalSection
	GlobalSection(SolutionProperties) = preSolution
		HideSolutionNode = FALSE
	EndGlobalSection
	GlobalSection(ExtensibilityGlobals) = postSolution
		SolutionGuid = {B59B3DC0-F254-4F50-ADAA-B158916BD438}
	EndGlobalSection
EndGlobal
