
Microsoft Visual Studio Solution File, Format Version 12.00
# Visual Studio Version 17
VisualStudioVersion = 17.14.36119.2 d17.14
MinimumVisualStudioVersion = 10.0.40219.1
Project("{FAE04EC0-301F-11D3-BF4B-00C04F79EFBC}") = "HandwrittenSignature_NET", "HandwrittenSignature_NET.csproj", "{FB946F51-D994-42F8-AE91-93EB2A54C83E}"
EndProject
Global
	GlobalSection(SolutionConfigurationPlatforms) = preSolution
		Debug|Any CPU = Debug|Any CPU
		Release|Any CPU = Release|Any CPU
	EndGlobalSection
	GlobalSection(ProjectConfigurationPlatforms) = postSolution
		{FB946F51-D994-42F8-AE91-93EB2A54C83E}.Debug|Any CPU.ActiveCfg = Debug|Any CPU
		{FB946F51-D994-42F8-AE91-93EB2A54C83E}.Debug|Any CPU.Build.0 = Debug|Any CPU
		{FB946F51-D994-42F8-AE91-93EB2A54C83E}.Release|Any CPU.ActiveCfg = Release|Any CPU
		{FB946F51-D994-42F8-AE91-93EB2A54C83E}.Release|Any CPU.Build.0 = Release|Any CPU
	EndGlobalSection
	GlobalSection(SolutionProperties) = preSolution
		HideSolutionNode = FALSE
	EndGlobalSection
	GlobalSection(ExtensibilityGlobals) = postSolution
		SolutionGuid = {978F2BCC-6F85-4FDB-9A38-B79301BA47B7}
	EndGlobalSection
EndGlobal
