
Microsoft Visual Studio Solution File, Format Version 12.00
# Visual Studio Version 17
VisualStudioVersion = 17.14.36401.2
MinimumVisualStudioVersion = 10.0.40219.1
Project("{FAE04EC0-301F-11D3-BF4B-00C04F79EFBC}") = "CustomContextMenu", "CustomContextMenu.csproj", "{0FAA7523-B034-4EA9-860A-A8936DFFD40E}"
EndProject
Global
	GlobalSection(SolutionConfigurationPlatforms) = preSolution
		Debug|Any CPU = Debug|Any CPU
		Release|Any CPU = Release|Any CPU
	EndGlobalSection
	GlobalSection(ProjectConfigurationPlatforms) = postSolution
		{0FAA7523-B034-4EA9-860A-A8936DFFD40E}.Debug|Any CPU.ActiveCfg = Debug|Any CPU
		{0FAA7523-B034-4EA9-860A-A8936DFFD40E}.Debug|Any CPU.Build.0 = Debug|Any CPU
		{0FAA7523-B034-4EA9-860A-A8936DFFD40E}.Release|Any CPU.ActiveCfg = Release|Any CPU
		{0FAA7523-B034-4EA9-860A-A8936DFFD40E}.Release|Any CPU.Build.0 = Release|Any CPU
	EndGlobalSection
	GlobalSection(SolutionProperties) = preSolution
		HideSolutionNode = FALSE
	EndGlobalSection
	GlobalSection(ExtensibilityGlobals) = postSolution
		SolutionGuid = {BAAD6341-6945-42C7-8438-919E9DB8EB03}
	EndGlobalSection
EndGlobal
