
Microsoft Visual Studio Solution File, Format Version 12.00
# Visual Studio Version 17
VisualStudioVersion = 17.5.33627.172
MinimumVisualStudioVersion = 10.0.40219.1
Project("{FAE04EC0-301F-11D3-BF4B-00C04F79EFBC}") = "AddNewToolbarItem", "AddNewToolbarItem.csproj", "{0C8F46E8-48BD-48FC-9AA2-CE4390DB8D89}"
EndProject
Global
	GlobalSection(SolutionConfigurationPlatforms) = preSolution
		Debug|Any CPU = Debug|Any CPU
		Release|Any CPU = Release|Any CPU
	EndGlobalSection
	GlobalSection(ProjectConfigurationPlatforms) = postSolution
		{0C8F46E8-48BD-48FC-9AA2-CE4390DB8D89}.Debug|Any CPU.ActiveCfg = Debug|Any CPU
		{0C8F46E8-48BD-48FC-9AA2-CE4390DB8D89}.Debug|Any CPU.Build.0 = Debug|Any CPU
		{0C8F46E8-48BD-48FC-9AA2-CE4390DB8D89}.Release|Any CPU.ActiveCfg = Release|Any CPU
		{0C8F46E8-48BD-48FC-9AA2-CE4390DB8D89}.Release|Any CPU.Build.0 = Release|Any CPU
	EndGlobalSection
	GlobalSection(SolutionProperties) = preSolution
		HideSolutionNode = FALSE
	EndGlobalSection
	GlobalSection(ExtensibilityGlobals) = postSolution
		SolutionGuid = {AFD06165-E840-403D-976F-1DF4321BD6A7}
	EndGlobalSection
EndGlobal
