
Microsoft Visual Studio Solution File, Format Version 12.00
# Visual Studio Version 16
VisualStudioVersion = 16.0.31320.298
MinimumVisualStudioVersion = 10.0.40219.1
Project("{FAE04EC0-301F-11D3-BF4B-00C04F79EFBC}") = "WPFThumbnailSample", "WPFThumbnailSample\WPFThumbnailSample.csproj", "{EEA9D1D2-AF12-4800-AEE0-00EC33FE12D4}"
EndProject
Global
	GlobalSection(SolutionConfigurationPlatforms) = preSolution
		Debug|Any CPU = Debug|Any CPU
		Release|Any CPU = Release|Any CPU
	EndGlobalSection
	GlobalSection(ProjectConfigurationPlatforms) = postSolution
		{EEA9D1D2-AF12-4800-AEE0-00EC33FE12D4}.Debug|Any CPU.ActiveCfg = Debug|Any CPU
		{EEA9D1D2-AF12-4800-AEE0-00EC33FE12D4}.Debug|Any CPU.Build.0 = Debug|Any CPU
		{EEA9D1D2-AF12-4800-AEE0-00EC33FE12D4}.Release|Any CPU.ActiveCfg = Release|Any CPU
		{EEA9D1D2-AF12-4800-AEE0-00EC33FE12D4}.Release|Any CPU.Build.0 = Release|Any CPU
	EndGlobalSection
	GlobalSection(SolutionProperties) = preSolution
		HideSolutionNode = FALSE
	EndGlobalSection
	GlobalSection(ExtensibilityGlobals) = postSolution
		SolutionGuid = {BCB19BD1-1043-46FD-91D3-72BD4CB9E28A}
	EndGlobalSection
EndGlobal
