
Microsoft Visual Studio Solution File, Format Version 12.00
# Visual Studio Version 16
VisualStudioVersion = 16.0.32929.386
MinimumVisualStudioVersion = 10.0.40219.1
Project("{FAE04EC0-301F-11D3-BF4B-00C04F79EFBC}") = "sample", "sample.csproj", "{BBC5EDD0-6595-4216-84E2-E2F256AEF57D}"
EndProject
Global
	GlobalSection(SolutionConfigurationPlatforms) = preSolution
		Debug|Any CPU = Debug|Any CPU
		Release|Any CPU = Release|Any CPU
	EndGlobalSection
	GlobalSection(ProjectConfigurationPlatforms) = postSolution
		{BBC5EDD0-6595-4216-84E2-E2F256AEF57D}.Debug|Any CPU.ActiveCfg = Debug|Any CPU
		{BBC5EDD0-6595-4216-84E2-E2F256AEF57D}.Debug|Any CPU.Build.0 = Debug|Any CPU
		{BBC5EDD0-6595-4216-84E2-E2F256AEF57D}.Release|Any CPU.ActiveCfg = Release|Any CPU
		{BBC5EDD0-6595-4216-84E2-E2F256AEF57D}.Release|Any CPU.Build.0 = Release|Any CPU
	EndGlobalSection
	GlobalSection(SolutionProperties) = preSolution
		HideSolutionNode = FALSE
	EndGlobalSection
	GlobalSection(ExtensibilityGlobals) = postSolution
		SolutionGuid = {3941E547-651D-477B-886A-DF614E45B960}
	EndGlobalSection
EndGlobal
